
Microsoft Visual Studio Solution File, Format Version 12.00
Project("{FAE04EC0-301F-11D3-BF4B-00C04F79EFBC}") = "Elwark.Static.Client", "src\Elwark.Static.Client.csproj", "{6E741855-F7AE-4475-BA33-C60E7E25A639}"
EndProject
Project("{2150E333-8FDC-42A3-9474-1A3956D46DE8}") = "src", "src", "{CB8FF9CF-BC0E-4C8C-B66D-18A108E8A9CA}"
EndProject
Project("{2150E333-8FDC-42A3-9474-1A3956D46DE8}") = "sample", "sample", "{B3688D81-BA60-48DD-9492-BA5B790F4B58}"
EndProject
Project("{FAE04EC0-301F-11D3-BF4B-00C04F79EFBC}") = "Elwark.Static.Client.Sample", "sample\Elwark.Static.Client.Sample.csproj", "{27CBF4B3-F92D-4785-A65E-1CA8C04EA834}"
EndProject
Global
	GlobalSection(SolutionConfigurationPlatforms) = preSolution
		Debug|Any CPU = Debug|Any CPU
		Release|Any CPU = Release|Any CPU
	EndGlobalSection
	GlobalSection(ProjectConfigurationPlatforms) = postSolution
		{6E741855-F7AE-4475-BA33-C60E7E25A639}.Debug|Any CPU.ActiveCfg = Debug|Any CPU
		{6E741855-F7AE-4475-BA33-C60E7E25A639}.Debug|Any CPU.Build.0 = Debug|Any CPU
		{6E741855-F7AE-4475-BA33-C60E7E25A639}.Release|Any CPU.ActiveCfg = Release|Any CPU
		{6E741855-F7AE-4475-BA33-C60E7E25A639}.Release|Any CPU.Build.0 = Release|Any CPU
		{27CBF4B3-F92D-4785-A65E-1CA8C04EA834}.Debug|Any CPU.ActiveCfg = Debug|Any CPU
		{27CBF4B3-F92D-4785-A65E-1CA8C04EA834}.Debug|Any CPU.Build.0 = Debug|Any CPU
		{27CBF4B3-F92D-4785-A65E-1CA8C04EA834}.Release|Any CPU.ActiveCfg = Release|Any CPU
		{27CBF4B3-F92D-4785-A65E-1CA8C04EA834}.Release|Any CPU.Build.0 = Release|Any CPU
	EndGlobalSection
	GlobalSection(NestedProjects) = preSolution
		{6E741855-F7AE-4475-BA33-C60E7E25A639} = {CB8FF9CF-BC0E-4C8C-B66D-18A108E8A9CA}
		{27CBF4B3-F92D-4785-A65E-1CA8C04EA834} = {B3688D81-BA60-48DD-9492-BA5B790F4B58}
	EndGlobalSection
EndGlobal
